
Microsoft Visual Studio Solution File, Format Version 12.00
# Visual Studio Version 17
VisualStudioVersion = 17.10.35122.118
MinimumVisualStudioVersion = 10.0.40219.1
Project("{FAE04EC0-301F-11D3-BF4B-00C04F79EFBC}") = "game of chance", "game of chance\game of chance.csproj", "{52F68AB6-343F-4548-81A5-48B48C355A50}"
EndProject
Global
	GlobalSection(SolutionConfigurationPlatforms) = preSolution
		Debug|Any CPU = Debug|Any CPU
		Release|Any CPU = Release|Any CPU
	EndGlobalSection
	GlobalSection(ProjectConfigurationPlatforms) = postSolution
		{52F68AB6-343F-4548-81A5-48B48C355A50}.Debug|Any CPU.ActiveCfg = Debug|Any CPU
		{52F68AB6-343F-4548-81A5-48B48C355A50}.Debug|Any CPU.Build.0 = Debug|Any CPU
		{52F68AB6-343F-4548-81A5-48B48C355A50}.Release|Any CPU.ActiveCfg = Release|Any CPU
		{52F68AB6-343F-4548-81A5-48B48C355A50}.Release|Any CPU.Build.0 = Release|Any CPU
	EndGlobalSection
	GlobalSection(SolutionProperties) = preSolution
		HideSolutionNode = FALSE
	EndGlobalSection
	GlobalSection(ExtensibilityGlobals) = postSolution
		SolutionGuid = {38C6A388-DFD1-4E45-A84F-764392A2CF52}
	EndGlobalSection
EndGlobal
