
Microsoft Visual Studio Solution File, Format Version 12.00
# Visual Studio Version 17
VisualStudioVersion = 17.10.35122.118
MinimumVisualStudioVersion = 10.0.40219.1
Project("{FAE04EC0-301F-11D3-BF4B-00C04F79EFBC}") = "minesweeper", "minesweeper\minesweeper.csproj", "{B09FE7F7-F220-435C-93A3-2719E88BB42F}"
EndProject
Global
	GlobalSection(SolutionConfigurationPlatforms) = preSolution
		Debug|Any CPU = Debug|Any CPU
		Release|Any CPU = Release|Any CPU
	EndGlobalSection
	GlobalSection(ProjectConfigurationPlatforms) = postSolution
		{B09FE7F7-F220-435C-93A3-2719E88BB42F}.Debug|Any CPU.ActiveCfg = Debug|Any CPU
		{B09FE7F7-F220-435C-93A3-2719E88BB42F}.Debug|Any CPU.Build.0 = Debug|Any CPU
		{B09FE7F7-F220-435C-93A3-2719E88BB42F}.Release|Any CPU.ActiveCfg = Release|Any CPU
		{B09FE7F7-F220-435C-93A3-2719E88BB42F}.Release|Any CPU.Build.0 = Release|Any CPU
	EndGlobalSection
	GlobalSection(SolutionProperties) = preSolution
		HideSolutionNode = FALSE
	EndGlobalSection
	GlobalSection(ExtensibilityGlobals) = postSolution
		SolutionGuid = {BE17468B-A767-42C0-8E28-E138A018DB33}
	EndGlobalSection
EndGlobal
